
Microsoft Visual Studio Solution File, Format Version 12.00
# Visual Studio Version 16
VisualStudioVersion = 16.0.29306.81
MinimumVisualStudioVersion = 10.0.40219.1
Project("{D954291E-2A0B-460D-934E-DC6B0785DB48}") = "UnoColouredCommandBarIssue.Shared", "UnoColouredCommandBarIssue.Shared\UnoColouredCommandBarIssue.Shared.shproj", "{6279C845-92F8-4333-AB99-3D213163593C}"
EndProject
Project("{FAE04EC0-301F-11D3-BF4B-00C04F79EFBC}") = "UnoColouredCommandBarIssue.UWP", "UnoColouredCommandBarIssue.UWP\UnoColouredCommandBarIssue.UWP.csproj", "{5341511C-6491-4CD7-A87B-909F0ED0D7A4}"
EndProject
Project("{FAE04EC0-301F-11D3-BF4B-00C04F79EFBC}") = "UnoColouredCommandBarIssue.Droid", "UnoColouredCommandBarIssue.Droid\UnoColouredCommandBarIssue.Droid.csproj", "{C16BCF50-5B58-4510-A39E-F98B73A33EE7}"
EndProject
Project("{FAE04EC0-301F-11D3-BF4B-00C04F79EFBC}") = "UnoColouredCommandBarIssue.iOS", "UnoColouredCommandBarIssue.iOS\UnoColouredCommandBarIssue.iOS.csproj", "{DAA9707B-4DBA-4F7E-804C-45262F4738D1}"
EndProject
Project("{9A19103F-16F7-4668-BE54-9A1E7A4F7556}") = "UnoColouredCommandBarIssue.Wasm", "UnoColouredCommandBarIssue.Wasm\UnoColouredCommandBarIssue.Wasm.csproj", "{A704AD3A-9808-47E7-B58B-41F03E929D30}"
EndProject
Project("{2150E333-8FDC-42A3-9474-1A3956D46DE8}") = "Solution Items", "Solution Items", "{6D1D9D46-6AE7-4AA2-9F56-760F6701B81C}"
	ProjectSection(SolutionItems) = preProject
		README.md = README.md
		Settings.StyleCop = Settings.StyleCop
	EndProjectSection
EndProject
Global
	GlobalSection(SharedMSBuildProjectFiles) = preSolution
		UnoColouredCommandBarIssue.Shared\UnoColouredCommandBarIssue.Shared.projitems*{5341511c-6491-4cd7-a87b-909f0ed0d7a4}*SharedItemsImports = 4
		UnoColouredCommandBarIssue.Shared\UnoColouredCommandBarIssue.Shared.projitems*{6279c845-92f8-4333-ab99-3d213163593c}*SharedItemsImports = 13
		UnoColouredCommandBarIssue.Shared\UnoColouredCommandBarIssue.Shared.projitems*{a704ad3a-9808-47e7-b58b-41f03e929d30}*SharedItemsImports = 5
		UnoColouredCommandBarIssue.Shared\UnoColouredCommandBarIssue.Shared.projitems*{c16bcf50-5b58-4510-a39e-f98b73a33ee7}*SharedItemsImports = 4
		UnoColouredCommandBarIssue.Shared\UnoColouredCommandBarIssue.Shared.projitems*{daa9707b-4dba-4f7e-804c-45262f4738d1}*SharedItemsImports = 4
	EndGlobalSection
	GlobalSection(SolutionConfigurationPlatforms) = preSolution
		Ad-Hoc|Any CPU = Ad-Hoc|Any CPU
		Ad-Hoc|ARM = Ad-Hoc|ARM
		Ad-Hoc|iPhone = Ad-Hoc|iPhone
		Ad-Hoc|iPhoneSimulator = Ad-Hoc|iPhoneSimulator
		Ad-Hoc|x64 = Ad-Hoc|x64
		Ad-Hoc|x86 = Ad-Hoc|x86
		AppStore|Any CPU = AppStore|Any CPU
		AppStore|ARM = AppStore|ARM
		AppStore|iPhone = AppStore|iPhone
		AppStore|iPhoneSimulator = AppStore|iPhoneSimulator
		AppStore|x64 = AppStore|x64
		AppStore|x86 = AppStore|x86
		Debug|Any CPU = Debug|Any CPU
		Debug|ARM = Debug|ARM
		Debug|iPhone = Debug|iPhone
		Debug|iPhoneSimulator = Debug|iPhoneSimulator
		Debug|x64 = Debug|x64
		Debug|x86 = Debug|x86
		Release|Any CPU = Release|Any CPU
		Release|ARM = Release|ARM
		Release|iPhone = Release|iPhone
		Release|iPhoneSimulator = Release|iPhoneSimulator
		Release|x64 = Release|x64
		Release|x86 = Release|x86
	EndGlobalSection
	GlobalSection(ProjectConfigurationPlatforms) = postSolution
		{5341511C-6491-4CD7-A87B-909F0ED0D7A4}.Ad-Hoc|Any CPU.ActiveCfg = Release|x64
		{5341511C-6491-4CD7-A87B-909F0ED0D7A4}.Ad-Hoc|Any CPU.Build.0 = Release|x64
		{5341511C-6491-4CD7-A87B-909F0ED0D7A4}.Ad-Hoc|Any CPU.Deploy.0 = Release|x64
		{5341511C-6491-4CD7-A87B-909F0ED0D7A4}.Ad-Hoc|ARM.ActiveCfg = Release|ARM
		{5341511C-6491-4CD7-A87B-909F0ED0D7A4}.Ad-Hoc|ARM.Build.0 = Release|ARM
		{5341511C-6491-4CD7-A87B-909F0ED0D7A4}.Ad-Hoc|ARM.Deploy.0 = Release|ARM
		{5341511C-6491-4CD7-A87B-909F0ED0D7A4}.Ad-Hoc|iPhone.ActiveCfg = Release|x64
		{5341511C-6491-4CD7-A87B-909F0ED0D7A4}.Ad-Hoc|iPhone.Build.0 = Release|x64
		{5341511C-6491-4CD7-A87B-909F0ED0D7A4}.Ad-Hoc|iPhone.Deploy.0 = Release|x64
		{5341511C-6491-4CD7-A87B-909F0ED0D7A4}.Ad-Hoc|iPhoneSimulator.ActiveCfg = Release|x64
		{5341511C-6491-4CD7-A87B-909F0ED0D7A4}.Ad-Hoc|iPhoneSimulator.Build.0 = Release|x64
		{5341511C-6491-4CD7-A87B-909F0ED0D7A4}.Ad-Hoc|iPhoneSimulator.Deploy.0 = Release|x64
		{5341511C-6491-4CD7-A87B-909F0ED0D7A4}.Ad-Hoc|x64.ActiveCfg = Release|x64
		{5341511C-6491-4CD7-A87B-909F0ED0D7A4}.Ad-Hoc|x64.Build.0 = Release|x64
		{5341511C-6491-4CD7-A87B-909F0ED0D7A4}.Ad-Hoc|x64.Deploy.0 = Release|x64
		{5341511C-6491-4CD7-A87B-909F0ED0D7A4}.Ad-Hoc|x86.ActiveCfg = Release|x86
		{5341511C-6491-4CD7-A87B-909F0ED0D7A4}.Ad-Hoc|x86.Build.0 = Release|x86
		{5341511C-6491-4CD7-A87B-909F0ED0D7A4}.Ad-Hoc|x86.Deploy.0 = Release|x86
		{5341511C-6491-4CD7-A87B-909F0ED0D7A4}.AppStore|Any CPU.ActiveCfg = Release|x64
		{5341511C-6491-4CD7-A87B-909F0ED0D7A4}.AppStore|Any CPU.Build.0 = Release|x64
		{5341511C-6491-4CD7-A87B-909F0ED0D7A4}.AppStore|Any CPU.Deploy.0 = Release|x64
		{5341511C-6491-4CD7-A87B-909F0ED0D7A4}.AppStore|ARM.ActiveCfg = Release|ARM
		{5341511C-6491-4CD7-A87B-909F0ED0D7A4}.AppStore|ARM.Build.0 = Release|ARM
		{5341511C-6491-4CD7-A87B-909F0ED0D7A4}.AppStore|ARM.Deploy.0 = Release|ARM
		{5341511C-6491-4CD7-A87B-909F0ED0D7A4}.AppStore|iPhone.ActiveCfg = Release|x64
		{5341511C-6491-4CD7-A87B-909F0ED0D7A4}.AppStore|iPhone.Build.0 = Release|x64
		{5341511C-6491-4CD7-A87B-909F0ED0D7A4}.AppStore|iPhone.Deploy.0 = Release|x64
		{5341511C-6491-4CD7-A87B-909F0ED0D7A4}.AppStore|iPhoneSimulator.ActiveCfg = Release|x64
		{5341511C-6491-4CD7-A87B-909F0ED0D7A4}.AppStore|iPhoneSimulator.Build.0 = Release|x64
		{5341511C-6491-4CD7-A87B-909F0ED0D7A4}.AppStore|iPhoneSimulator.Deploy.0 = Release|x64
		{5341511C-6491-4CD7-A87B-909F0ED0D7A4}.AppStore|x64.ActiveCfg = Release|x64
		{5341511C-6491-4CD7-A87B-909F0ED0D7A4}.AppStore|x64.Build.0 = Release|x64
		{5341511C-6491-4CD7-A87B-909F0ED0D7A4}.AppStore|x64.Deploy.0 = Release|x64
		{5341511C-6491-4CD7-A87B-909F0ED0D7A4}.AppStore|x86.ActiveCfg = Release|x86
		{5341511C-6491-4CD7-A87B-909F0ED0D7A4}.AppStore|x86.Build.0 = Release|x86
		{5341511C-6491-4CD7-A87B-909F0ED0D7A4}.AppStore|x86.Deploy.0 = Release|x86
		{5341511C-6491-4CD7-A87B-909F0ED0D7A4}.Debug|Any CPU.ActiveCfg = Debug|x86
		{5341511C-6491-4CD7-A87B-909F0ED0D7A4}.Debug|ARM.ActiveCfg = Debug|ARM
		{5341511C-6491-4CD7-A87B-909F0ED0D7A4}.Debug|ARM.Build.0 = Debug|ARM
		{5341511C-6491-4CD7-A87B-909F0ED0D7A4}.Debug|ARM.Deploy.0 = Debug|ARM
		{5341511C-6491-4CD7-A87B-909F0ED0D7A4}.Debug|iPhone.ActiveCfg = Debug|x86
		{5341511C-6491-4CD7-A87B-909F0ED0D7A4}.Debug|iPhoneSimulator.ActiveCfg = Debug|x86
		{5341511C-6491-4CD7-A87B-909F0ED0D7A4}.Debug|x64.ActiveCfg = Debug|x64
		{5341511C-6491-4CD7-A87B-909F0ED0D7A4}.Debug|x64.Build.0 = Debug|x64
		{5341511C-6491-4CD7-A87B-909F0ED0D7A4}.Debug|x64.Deploy.0 = Debug|x64
		{5341511C-6491-4CD7-A87B-909F0ED0D7A4}.Debug|x86.ActiveCfg = Debug|x86
		{5341511C-6491-4CD7-A87B-909F0ED0D7A4}.Debug|x86.Build.0 = Debug|x86
		{5341511C-6491-4CD7-A87B-909F0ED0D7A4}.Debug|x86.Deploy.0 = Debug|x86
		{5341511C-6491-4CD7-A87B-909F0ED0D7A4}.Release|Any CPU.ActiveCfg = Release|x86
		{5341511C-6491-4CD7-A87B-909F0ED0D7A4}.Release|ARM.ActiveCfg = Release|ARM
		{5341511C-6491-4CD7-A87B-909F0ED0D7A4}.Release|ARM.Build.0 = Release|ARM
		{5341511C-6491-4CD7-A87B-909F0ED0D7A4}.Release|ARM.Deploy.0 = Release|ARM
		{5341511C-6491-4CD7-A87B-909F0ED0D7A4}.Release|iPhone.ActiveCfg = Release|x86
		{5341511C-6491-4CD7-A87B-909F0ED0D7A4}.Release|iPhoneSimulator.ActiveCfg = Release|x86
		{5341511C-6491-4CD7-A87B-909F0ED0D7A4}.Release|x64.ActiveCfg = Release|x64
		{5341511C-6491-4CD7-A87B-909F0ED0D7A4}.Release|x64.Build.0 = Release|x64
		{5341511C-6491-4CD7-A87B-909F0ED0D7A4}.Release|x64.Deploy.0 = Release|x64
		{5341511C-6491-4CD7-A87B-909F0ED0D7A4}.Release|x86.ActiveCfg = Release|x86
		{5341511C-6491-4CD7-A87B-909F0ED0D7A4}.Release|x86.Build.0 = Release|x86
		{5341511C-6491-4CD7-A87B-909F0ED0D7A4}.Release|x86.Deploy.0 = Release|x86
		{C16BCF50-5B58-4510-A39E-F98B73A33EE7}.Ad-Hoc|Any CPU.ActiveCfg = Release|Any CPU
		{C16BCF50-5B58-4510-A39E-F98B73A33EE7}.Ad-Hoc|Any CPU.Build.0 = Release|Any CPU
		{C16BCF50-5B58-4510-A39E-F98B73A33EE7}.Ad-Hoc|Any CPU.Deploy.0 = Release|Any CPU
		{C16BCF50-5B58-4510-A39E-F98B73A33EE7}.Ad-Hoc|ARM.ActiveCfg = Release|Any CPU
		{C16BCF50-5B58-4510-A39E-F98B73A33EE7}.Ad-Hoc|ARM.Build.0 = Release|Any CPU
		{C16BCF50-5B58-4510-A39E-F98B73A33EE7}.Ad-Hoc|ARM.Deploy.0 = Release|Any CPU
		{C16BCF50-5B58-4510-A39E-F98B73A33EE7}.Ad-Hoc|iPhone.ActiveCfg = Release|Any CPU
		{C16BCF50-5B58-4510-A39E-F98B73A33EE7}.Ad-Hoc|iPhone.Build.0 = Release|Any CPU
		{C16BCF50-5B58-4510-A39E-F98B73A33EE7}.Ad-Hoc|iPhone.Deploy.0 = Release|Any CPU
		{C16BCF50-5B58-4510-A39E-F98B73A33EE7}.Ad-Hoc|iPhoneSimulator.ActiveCfg = Release|Any CPU
		{C16BCF50-5B58-4510-A39E-F98B73A33EE7}.Ad-Hoc|iPhoneSimulator.Build.0 = Release|Any CPU
		{C16BCF50-5B58-4510-A39E-F98B73A33EE7}.Ad-Hoc|iPhoneSimulator.Deploy.0 = Release|Any CPU
		{C16BCF50-5B58-4510-A39E-F98B73A33EE7}.Ad-Hoc|x64.ActiveCfg = Release|Any CPU
		{C16BCF50-5B58-4510-A39E-F98B73A33EE7}.Ad-Hoc|x64.Build.0 = Release|Any CPU
		{C16BCF50-5B58-4510-A39E-F98B73A33EE7}.Ad-Hoc|x64.Deploy.0 = Release|Any CPU
		{C16BCF50-5B58-4510-A39E-F98B73A33EE7}.Ad-Hoc|x86.ActiveCfg = Release|Any CPU
		{C16BCF50-5B58-4510-A39E-F98B73A33EE7}.Ad-Hoc|x86.Build.0 = Release|Any CPU
		{C16BCF50-5B58-4510-A39E-F98B73A33EE7}.Ad-Hoc|x86.Deploy.0 = Release|Any CPU
		{C16BCF50-5B58-4510-A39E-F98B73A33EE7}.AppStore|Any CPU.ActiveCfg = Release|Any CPU
		{C16BCF50-5B58-4510-A39E-F98B73A33EE7}.AppStore|Any CPU.Build.0 = Release|Any CPU
		{C16BCF50-5B58-4510-A39E-F98B73A33EE7}.AppStore|Any CPU.Deploy.0 = Release|Any CPU
		{C16BCF50-5B58-4510-A39E-F98B73A33EE7}.AppStore|ARM.ActiveCfg = Release|Any CPU
		{C16BCF50-5B58-4510-A39E-F98B73A33EE7}.AppStore|ARM.Build.0 = Release|Any CPU
		{C16BCF50-5B58-4510-A39E-F98B73A33EE7}.AppStore|ARM.Deploy.0 = Release|Any CPU
		{C16BCF50-5B58-4510-A39E-F98B73A33EE7}.AppStore|iPhone.ActiveCfg = Release|Any CPU
		{C16BCF50-5B58-4510-A39E-F98B73A33EE7}.AppStore|iPhone.Build.0 = Release|Any CPU
		{C16BCF50-5B58-4510-A39E-F98B73A33EE7}.AppStore|iPhone.Deploy.0 = Release|Any CPU
		{C16BCF50-5B58-4510-A39E-F98B73A33EE7}.AppStore|iPhoneSimulator.ActiveCfg = Release|Any CPU
		{C16BCF50-5B58-4510-A39E-F98B73A33EE7}.AppStore|iPhoneSimulator.Build.0 = Release|Any CPU
		{C16BCF50-5B58-4510-A39E-F98B73A33EE7}.AppStore|iPhoneSimulator.Deploy.0 = Release|Any CPU
		{C16BCF50-5B58-4510-A39E-F98B73A33EE7}.AppStore|x64.ActiveCfg = Release|Any CPU
		{C16BCF50-5B58-4510-A39E-F98B73A33EE7}.AppStore|x64.Build.0 = Release|Any CPU
		{C16BCF50-5B58-4510-A39E-F98B73A33EE7}.AppStore|x64.Deploy.0 = Release|Any CPU
		{C16BCF50-5B58-4510-A39E-F98B73A33EE7}.AppStore|x86.ActiveCfg = Release|Any CPU
		{C16BCF50-5B58-4510-A39E-F98B73A33EE7}.AppStore|x86.Build.0 = Release|Any CPU
		{C16BCF50-5B58-4510-A39E-F98B73A33EE7}.AppStore|x86.Deploy.0 = Release|Any CPU
		{C16BCF50-5B58-4510-A39E-F98B73A33EE7}.Debug|Any CPU.ActiveCfg = Debug|Any CPU
		{C16BCF50-5B58-4510-A39E-F98B73A33EE7}.Debug|Any CPU.Build.0 = Debug|Any CPU
		{C16BCF50-5B58-4510-A39E-F98B73A33EE7}.Debug|Any CPU.Deploy.0 = Debug|Any CPU
		{C16BCF50-5B58-4510-A39E-F98B73A33EE7}.Debug|ARM.ActiveCfg = Debug|Any CPU
		{C16BCF50-5B58-4510-A39E-F98B73A33EE7}.Debug|ARM.Build.0 = Debug|Any CPU
		{C16BCF50-5B58-4510-A39E-F98B73A33EE7}.Debug|ARM.Deploy.0 = Debug|Any CPU
		{C16BCF50-5B58-4510-A39E-F98B73A33EE7}.Debug|iPhone.ActiveCfg = Debug|Any CPU
		{C16BCF50-5B58-4510-A39E-F98B73A33EE7}.Debug|iPhone.Build.0 = Debug|Any CPU
		{C16BCF50-5B58-4510-A39E-F98B73A33EE7}.Debug|iPhoneSimulator.ActiveCfg = Debug|Any CPU
		{C16BCF50-5B58-4510-A39E-F98B73A33EE7}.Debug|iPhoneSimulator.Build.0 = Debug|Any CPU
		{C16BCF50-5B58-4510-A39E-F98B73A33EE7}.Debug|iPhoneSimulator.Deploy.0 = Debug|Any CPU
		{C16BCF50-5B58-4510-A39E-F98B73A33EE7}.Debug|x64.ActiveCfg = Debug|Any CPU
		{C16BCF50-5B58-4510-A39E-F98B73A33EE7}.Debug|x64.Build.0 = Debug|Any CPU
		{C16BCF50-5B58-4510-A39E-F98B73A33EE7}.Debug|x64.Deploy.0 = Debug|Any CPU
		{C16BCF50-5B58-4510-A39E-F98B73A33EE7}.Debug|x86.ActiveCfg = Debug|Any CPU
		{C16BCF50-5B58-4510-A39E-F98B73A33EE7}.Debug|x86.Build.0 = Debug|Any CPU
		{C16BCF50-5B58-4510-A39E-F98B73A33EE7}.Debug|x86.Deploy.0 = Debug|Any CPU
		{C16BCF50-5B58-4510-A39E-F98B73A33EE7}.Release|Any CPU.ActiveCfg = Release|Any CPU
		{C16BCF50-5B58-4510-A39E-F98B73A33EE7}.Release|Any CPU.Build.0 = Release|Any CPU
		{C16BCF50-5B58-4510-A39E-F98B73A33EE7}.Release|Any CPU.Deploy.0 = Release|Any CPU
		{C16BCF50-5B58-4510-A39E-F98B73A33EE7}.Release|ARM.ActiveCfg = Release|Any CPU
		{C16BCF50-5B58-4510-A39E-F98B73A33EE7}.Release|ARM.Build.0 = Release|Any CPU
		{C16BCF50-5B58-4510-A39E-F98B73A33EE7}.Release|ARM.Deploy.0 = Release|Any CPU
		{C16BCF50-5B58-4510-A39E-F98B73A33EE7}.Release|iPhone.ActiveCfg = Release|Any CPU
		{C16BCF50-5B58-4510-A39E-F98B73A33EE7}.Release|iPhone.Build.0 = Release|Any CPU
		{C16BCF50-5B58-4510-A39E-F98B73A33EE7}.Release|iPhone.Deploy.0 = Release|Any CPU
		{C16BCF50-5B58-4510-A39E-F98B73A33EE7}.Release|iPhoneSimulator.ActiveCfg = Release|Any CPU
		{C16BCF50-5B58-4510-A39E-F98B73A33EE7}.Release|iPhoneSimulator.Build.0 = Release|Any CPU
		{C16BCF50-5B58-4510-A39E-F98B73A33EE7}.Release|iPhoneSimulator.Deploy.0 = Release|Any CPU
		{C16BCF50-5B58-4510-A39E-F98B73A33EE7}.Release|x64.ActiveCfg = Release|Any CPU
		{C16BCF50-5B58-4510-A39E-F98B73A33EE7}.Release|x64.Build.0 = Release|Any CPU
		{C16BCF50-5B58-4510-A39E-F98B73A33EE7}.Release|x64.Deploy.0 = Release|Any CPU
		{C16BCF50-5B58-4510-A39E-F98B73A33EE7}.Release|x86.ActiveCfg = Release|Any CPU
		{C16BCF50-5B58-4510-A39E-F98B73A33EE7}.Release|x86.Build.0 = Release|Any CPU
		{C16BCF50-5B58-4510-A39E-F98B73A33EE7}.Release|x86.Deploy.0 = Release|Any CPU
		{DAA9707B-4DBA-4F7E-804C-45262F4738D1}.Ad-Hoc|Any CPU.ActiveCfg = Ad-Hoc|iPhone
		{DAA9707B-4DBA-4F7E-804C-45262F4738D1}.Ad-Hoc|ARM.ActiveCfg = Ad-Hoc|iPhone
		{DAA9707B-4DBA-4F7E-804C-45262F4738D1}.Ad-Hoc|iPhone.ActiveCfg = Ad-Hoc|iPhone
		{DAA9707B-4DBA-4F7E-804C-45262F4738D1}.Ad-Hoc|iPhone.Build.0 = Ad-Hoc|iPhone
		{DAA9707B-4DBA-4F7E-804C-45262F4738D1}.Ad-Hoc|iPhoneSimulator.ActiveCfg = Ad-Hoc|iPhoneSimulator
		{DAA9707B-4DBA-4F7E-804C-45262F4738D1}.Ad-Hoc|iPhoneSimulator.Build.0 = Ad-Hoc|iPhoneSimulator
		{DAA9707B-4DBA-4F7E-804C-45262F4738D1}.Ad-Hoc|x64.ActiveCfg = Ad-Hoc|iPhone
		{DAA9707B-4DBA-4F7E-804C-45262F4738D1}.Ad-Hoc|x86.ActiveCfg = Ad-Hoc|iPhone
		{DAA9707B-4DBA-4F7E-804C-45262F4738D1}.AppStore|Any CPU.ActiveCfg = AppStore|iPhone
		{DAA9707B-4DBA-4F7E-804C-45262F4738D1}.AppStore|ARM.ActiveCfg = AppStore|iPhone
		{DAA9707B-4DBA-4F7E-804C-45262F4738D1}.AppStore|iPhone.ActiveCfg = AppStore|iPhone
		{DAA9707B-4DBA-4F7E-804C-45262F4738D1}.AppStore|iPhone.Build.0 = AppStore|iPhone
		{DAA9707B-4DBA-4F7E-804C-45262F4738D1}.AppStore|iPhoneSimulator.ActiveCfg = AppStore|iPhoneSimulator
		{DAA9707B-4DBA-4F7E-804C-45262F4738D1}.AppStore|iPhoneSimulator.Build.0 = AppStore|iPhoneSimulator
		{DAA9707B-4DBA-4F7E-804C-45262F4738D1}.AppStore|x64.ActiveCfg = AppStore|iPhone
		{DAA9707B-4DBA-4F7E-804C-45262F4738D1}.AppStore|x86.ActiveCfg = AppStore|iPhone
		{DAA9707B-4DBA-4F7E-804C-45262F4738D1}.Debug|Any CPU.ActiveCfg = Debug|iPhone
		{DAA9707B-4DBA-4F7E-804C-45262F4738D1}.Debug|ARM.ActiveCfg = Debug|iPhone
		{DAA9707B-4DBA-4F7E-804C-45262F4738D1}.Debug|iPhone.ActiveCfg = Debug|iPhone
		{DAA9707B-4DBA-4F7E-804C-45262F4738D1}.Debug|iPhone.Build.0 = Debug|iPhone
		{DAA9707B-4DBA-4F7E-804C-45262F4738D1}.Debug|iPhone.Deploy.0 = Debug|iPhone
		{DAA9707B-4DBA-4F7E-804C-45262F4738D1}.Debug|iPhoneSimulator.ActiveCfg = Debug|iPhoneSimulator
		{DAA9707B-4DBA-4F7E-804C-45262F4738D1}.Debug|iPhoneSimulator.Build.0 = Debug|iPhoneSimulator
		{DAA9707B-4DBA-4F7E-804C-45262F4738D1}.Debug|x64.ActiveCfg = Debug|iPhone
		{DAA9707B-4DBA-4F7E-804C-45262F4738D1}.Debug|x86.ActiveCfg = Debug|iPhone
		{DAA9707B-4DBA-4F7E-804C-45262F4738D1}.Release|Any CPU.ActiveCfg = Release|iPhone
		{DAA9707B-4DBA-4F7E-804C-45262F4738D1}.Release|ARM.ActiveCfg = Release|iPhone
		{DAA9707B-4DBA-4F7E-804C-45262F4738D1}.Release|iPhone.ActiveCfg = Release|iPhone
		{DAA9707B-4DBA-4F7E-804C-45262F4738D1}.Release|iPhone.Build.0 = Release|iPhone
		{DAA9707B-4DBA-4F7E-804C-45262F4738D1}.Release|iPhoneSimulator.ActiveCfg = Release|iPhoneSimulator
		{DAA9707B-4DBA-4F7E-804C-45262F4738D1}.Release|iPhoneSimulator.Build.0 = Release|iPhoneSimulator
		{DAA9707B-4DBA-4F7E-804C-45262F4738D1}.Release|x64.ActiveCfg = Release|iPhone
		{DAA9707B-4DBA-4F7E-804C-45262F4738D1}.Release|x86.ActiveCfg = Release|iPhone
		{A704AD3A-9808-47E7-B58B-41F03E929D30}.Ad-Hoc|Any CPU.ActiveCfg = Debug|Any CPU
		{A704AD3A-9808-47E7-B58B-41F03E929D30}.Ad-Hoc|Any CPU.Build.0 = Debug|Any CPU
		{A704AD3A-9808-47E7-B58B-41F03E929D30}.Ad-Hoc|ARM.ActiveCfg = Debug|Any CPU
		{A704AD3A-9808-47E7-B58B-41F03E929D30}.Ad-Hoc|ARM.Build.0 = Debug|Any CPU
		{A704AD3A-9808-47E7-B58B-41F03E929D30}.Ad-Hoc|iPhone.ActiveCfg = Debug|Any CPU
		{A704AD3A-9808-47E7-B58B-41F03E929D30}.Ad-Hoc|iPhone.Build.0 = Debug|Any CPU
		{A704AD3A-9808-47E7-B58B-41F03E929D30}.Ad-Hoc|iPhoneSimulator.ActiveCfg = Debug|Any CPU
		{A704AD3A-9808-47E7-B58B-41F03E929D30}.Ad-Hoc|iPhoneSimulator.Build.0 = Debug|Any CPU
		{A704AD3A-9808-47E7-B58B-41F03E929D30}.Ad-Hoc|x64.ActiveCfg = Debug|Any CPU
		{A704AD3A-9808-47E7-B58B-41F03E929D30}.Ad-Hoc|x64.Build.0 = Debug|Any CPU
		{A704AD3A-9808-47E7-B58B-41F03E929D30}.Ad-Hoc|x86.ActiveCfg = Debug|Any CPU
		{A704AD3A-9808-47E7-B58B-41F03E929D30}.Ad-Hoc|x86.Build.0 = Debug|Any CPU
		{A704AD3A-9808-47E7-B58B-41F03E929D30}.AppStore|Any CPU.ActiveCfg = Debug|Any CPU
		{A704AD3A-9808-47E7-B58B-41F03E929D30}.AppStore|Any CPU.Build.0 = Debug|Any CPU
		{A704AD3A-9808-47E7-B58B-41F03E929D30}.AppStore|ARM.ActiveCfg = Debug|Any CPU
		{A704AD3A-9808-47E7-B58B-41F03E929D30}.AppStore|ARM.Build.0 = Debug|Any CPU
		{A704AD3A-9808-47E7-B58B-41F03E929D30}.AppStore|iPhone.ActiveCfg = Debug|Any CPU
		{A704AD3A-9808-47E7-B58B-41F03E929D30}.AppStore|iPhone.Build.0 = Debug|Any CPU
		{A704AD3A-9808-47E7-B58B-41F03E929D30}.AppStore|iPhoneSimulator.ActiveCfg = Debug|Any CPU
		{A704AD3A-9808-47E7-B58B-41F03E929D30}.AppStore|iPhoneSimulator.Build.0 = Debug|Any CPU
		{A704AD3A-9808-47E7-B58B-41F03E929D30}.AppStore|x64.ActiveCfg = Debug|Any CPU
		{A704AD3A-9808-47E7-B58B-41F03E929D30}.AppStore|x64.Build.0 = Debug|Any CPU
		{A704AD3A-9808-47E7-B58B-41F03E929D30}.AppStore|x86.ActiveCfg = Debug|Any CPU
		{A704AD3A-9808-47E7-B58B-41F03E929D30}.AppStore|x86.Build.0 = Debug|Any CPU
		{A704AD3A-9808-47E7-B58B-41F03E929D30}.Debug|Any CPU.ActiveCfg = Debug|Any CPU
		{A704AD3A-9808-47E7-B58B-41F03E929D30}.Debug|Any CPU.Build.0 = Debug|Any CPU
		{A704AD3A-9808-47E7-B58B-41F03E929D30}.Debug|ARM.ActiveCfg = Debug|Any CPU
		{A704AD3A-9808-47E7-B58B-41F03E929D30}.Debug|ARM.Build.0 = Debug|Any CPU
		{A704AD3A-9808-47E7-B58B-41F03E929D30}.Debug|iPhone.ActiveCfg = Debug|Any CPU
		{A704AD3A-9808-47E7-B58B-41F03E929D30}.Debug|iPhone.Build.0 = Debug|Any CPU
		{A704AD3A-9808-47E7-B58B-41F03E929D30}.Debug|iPhoneSimulator.ActiveCfg = Debug|Any CPU
		{A704AD3A-9808-47E7-B58B-41F03E929D30}.Debug|iPhoneSimulator.Build.0 = Debug|Any CPU
		{A704AD3A-9808-47E7-B58B-41F03E929D30}.Debug|x64.ActiveCfg = Debug|Any CPU
		{A704AD3A-9808-47E7-B58B-41F03E929D30}.Debug|x64.Build.0 = Debug|Any CPU
		{A704AD3A-9808-47E7-B58B-41F03E929D30}.Debug|x86.ActiveCfg = Debug|Any CPU
		{A704AD3A-9808-47E7-B58B-41F03E929D30}.Debug|x86.Build.0 = Debug|Any CPU
		{A704AD3A-9808-47E7-B58B-41F03E929D30}.Release|Any CPU.ActiveCfg = Release|Any CPU
		{A704AD3A-9808-47E7-B58B-41F03E929D30}.Release|Any CPU.Build.0 = Release|Any CPU
		{A704AD3A-9808-47E7-B58B-41F03E929D30}.Release|ARM.ActiveCfg = Release|Any CPU
		{A704AD3A-9808-47E7-B58B-41F03E929D30}.Release|ARM.Build.0 = Release|Any CPU
		{A704AD3A-9808-47E7-B58B-41F03E929D30}.Release|iPhone.ActiveCfg = Release|Any CPU
		{A704AD3A-9808-47E7-B58B-41F03E929D30}.Release|iPhone.Build.0 = Release|Any CPU
		{A704AD3A-9808-47E7-B58B-41F03E929D30}.Release|iPhoneSimulator.ActiveCfg = Release|Any CPU
		{A704AD3A-9808-47E7-B58B-41F03E929D30}.Release|iPhoneSimulator.Build.0 = Release|Any CPU
		{A704AD3A-9808-47E7-B58B-41F03E929D30}.Release|x64.ActiveCfg = Release|Any CPU
		{A704AD3A-9808-47E7-B58B-41F03E929D30}.Release|x64.Build.0 = Release|Any CPU
		{A704AD3A-9808-47E7-B58B-41F03E929D30}.Release|x86.ActiveCfg = Release|Any CPU
		{A704AD3A-9808-47E7-B58B-41F03E929D30}.Release|x86.Build.0 = Release|Any CPU
	EndGlobalSection
	GlobalSection(SolutionProperties) = preSolution
		HideSolutionNode = FALSE
	EndGlobalSection
	GlobalSection(ExtensibilityGlobals) = postSolution
		SolutionGuid = {8CDC3000-AB0B-4986-BE8B-B7EF939D7C18}
	EndGlobalSection
EndGlobal
